
Microsoft Visual Studio Solution File, Format Version 12.00
# Visual Studio Version 17
VisualStudioVersion = 17.11.35431.28
MinimumVisualStudioVersion = 10.0.40219.1
Project("{FAE04EC0-301F-11D3-BF4B-00C04F79EFBC}") = "AgriculturalSuppliesStore", "AgriculturalSuppliesStore\AgriculturalSuppliesStore.csproj", "{0EE4846D-89D5-45AB-820A-DFE2D74443A4}"
EndProject
Global
	GlobalSection(SolutionConfigurationPlatforms) = preSolution
		Debug|Any CPU = Debug|Any CPU
		Release|Any CPU = Release|Any CPU
	EndGlobalSection
	GlobalSection(ProjectConfigurationPlatforms) = postSolution
		{0EE4846D-89D5-45AB-820A-DFE2D74443A4}.Debug|Any CPU.ActiveCfg = Debug|Any CPU
		{0EE4846D-89D5-45AB-820A-DFE2D74443A4}.Debug|Any CPU.Build.0 = Debug|Any CPU
		{0EE4846D-89D5-45AB-820A-DFE2D74443A4}.Release|Any CPU.ActiveCfg = Release|Any CPU
		{0EE4846D-89D5-45AB-820A-DFE2D74443A4}.Release|Any CPU.Build.0 = Release|Any CPU
	EndGlobalSection
	GlobalSection(SolutionProperties) = preSolution
		HideSolutionNode = FALSE
	EndGlobalSection
	GlobalSection(ExtensibilityGlobals) = postSolution
		SolutionGuid = {9269A4B0-4278-434C-B955-4D7F63B43E1F}
	EndGlobalSection
EndGlobal
