
Microsoft Visual Studio Solution File, Format Version 12.00
# Visual Studio Version 17
VisualStudioVersion = 17.11.35431.28
MinimumVisualStudioVersion = 10.0.40219.1
Project("{FAE04EC0-301F-11D3-BF4B-00C04F79EFBC}") = "AgriculturalSuppliesStore", "AgriculturalSuppliesStore\AgriculturalSuppliesStore.csproj", "{60206242-4FD8-46BC-BA41-0E2B5CAD8DA5}"
EndProject
Global
	GlobalSection(SolutionConfigurationPlatforms) = preSolution
		Debug|Any CPU = Debug|Any CPU
		Release|Any CPU = Release|Any CPU
	EndGlobalSection
	GlobalSection(ProjectConfigurationPlatforms) = postSolution
		{60206242-4FD8-46BC-BA41-0E2B5CAD8DA5}.Debug|Any CPU.ActiveCfg = Debug|Any CPU
		{60206242-4FD8-46BC-BA41-0E2B5CAD8DA5}.Debug|Any CPU.Build.0 = Debug|Any CPU
		{60206242-4FD8-46BC-BA41-0E2B5CAD8DA5}.Release|Any CPU.ActiveCfg = Release|Any CPU
		{60206242-4FD8-46BC-BA41-0E2B5CAD8DA5}.Release|Any CPU.Build.0 = Release|Any CPU
	EndGlobalSection
	GlobalSection(SolutionProperties) = preSolution
		HideSolutionNode = FALSE
	EndGlobalSection
	GlobalSection(ExtensibilityGlobals) = postSolution
		SolutionGuid = {7E700D69-AD99-4802-8741-CA4D9083DF8A}
	EndGlobalSection
EndGlobal
